{
  "nodes": {
    "nixlib": {
      "locked": {
        "lastModified": 1711846064,
        "narHash": "sha256-cqfX0QJNEnge3a77VnytM0Q6QZZ0DziFXt6tSCV8ZSc=",
        "owner": "nix-community",
        "repo": "nixpkgs.lib",
        "rev": "90b1a963ff84dc532db92f678296ff2499a60a87",
        "type": "github"
      },
      "original": {
        "owner": "nix-community",
        "repo": "nixpkgs.lib",
        "type": "github"
      }
    },
    "nixos-generators": {
      "inputs": {
        "nixlib": "nixlib",
        "nixpkgs": [
          "nixpkgs"
        ]
      },
      "locked": {
        "lastModified": 1712191720,
        "narHash": "sha256-xXtSSnVHURHsxLQO30dzCKW5NJVGV/umdQPmFjPFMVA=",
        "owner": "nix-community",
        "repo": "nixos-generators",
        "rev": "0c15e76bed5432d7775a22e8d22059511f59d23a",
        "type": "github"
      },
      "original": {
        "owner": "nix-community",
        "repo": "nixos-generators",
        "type": "github"
      }
    },
    "nixpkgs": {
      "locked": {
        "lastModified": 1712581587,
        "narHash": "sha256-mTtZt9j1IJchtT1kXF9OtThp/HgAVYjzI8bJSTtm7DM=",
        "owner": "NixOS",
        "repo": "nixpkgs",
        "rev": "215d144f770a25713d82552c9543c738f819a173",
        "type": "github"
      },
      "original": {
        "id": "nixpkgs",
        "ref": "master",
        "type": "indirect"
      }
    },
    "root": {
      "inputs": {
        "nixos-generators": "nixos-generators",
        "nixpkgs": "nixpkgs"
      }
    }
  },
  "root": "root",
  "version": 7
}
